
Microsoft Visual Studio Solution File, Format Version 12.00
# Visual Studio Version 17
VisualStudioVersion = 17.11.35327.3
MinimumVisualStudioVersion = 10.0.40219.1
Project("{F2A71F9B-5D33-465A-A702-920D77279786}") = "ERPDashboardAPI", "ERPDashboardAPI\ERPDashboardAPI.fsproj", "{5AA14031-6333-4034-BE91-0CC8B7C6E4BD}"
EndProject
Project("{FAE04EC0-301F-11D3-BF4B-00C04F79EFBC}") = "XCompanyDashboardApi", "XCompanyDashboardApi\XCompanyDashboardApi.csproj", "{983783DE-2B31-40D1-B1DE-04B2B6BD5B50}"
EndProject
Global
	GlobalSection(SolutionConfigurationPlatforms) = preSolution
		Debug|Any CPU = Debug|Any CPU
		Release|Any CPU = Release|Any CPU
	EndGlobalSection
	GlobalSection(ProjectConfigurationPlatforms) = postSolution
		{5AA14031-6333-4034-BE91-0CC8B7C6E4BD}.Debug|Any CPU.ActiveCfg = Debug|Any CPU
		{5AA14031-6333-4034-BE91-0CC8B7C6E4BD}.Debug|Any CPU.Build.0 = Debug|Any CPU
		{5AA14031-6333-4034-BE91-0CC8B7C6E4BD}.Release|Any CPU.ActiveCfg = Release|Any CPU
		{5AA14031-6333-4034-BE91-0CC8B7C6E4BD}.Release|Any CPU.Build.0 = Release|Any CPU
		{983783DE-2B31-40D1-B1DE-04B2B6BD5B50}.Debug|Any CPU.ActiveCfg = Debug|Any CPU
		{983783DE-2B31-40D1-B1DE-04B2B6BD5B50}.Debug|Any CPU.Build.0 = Debug|Any CPU
		{983783DE-2B31-40D1-B1DE-04B2B6BD5B50}.Release|Any CPU.ActiveCfg = Release|Any CPU
		{983783DE-2B31-40D1-B1DE-04B2B6BD5B50}.Release|Any CPU.Build.0 = Release|Any CPU
	EndGlobalSection
	GlobalSection(SolutionProperties) = preSolution
		HideSolutionNode = FALSE
	EndGlobalSection
	GlobalSection(ExtensibilityGlobals) = postSolution
		SolutionGuid = {C05518F1-4993-4376-95B4-CBDFFFA2F957}
	EndGlobalSection
EndGlobal
